Microsoft Visual Studio Solution File, Format Version 9.00
# Visual Studio 2005
Project("{8BC9CEB8-8B4A-11D0-8D11-00A0C91BC942}") = "LargeRangeSlider", "LargeRangeSlider.vcproj", "{1A257796-35CC-44E4-8C67-EAD9DD52FFFB}"
EndProject
Global
	GlobalSection(SolutionConfigurationPlatforms) = preSolution
		Debug|Win32 = Debug|Win32
		Release|Win32 = Release|Win32
	EndGlobalSection
	GlobalSection(ProjectConfigurationPlatforms) = postSolution
		{1A257796-35CC-44E4-8C67-EAD9DD52FFFB}.Debug|Win32.ActiveCfg = Debug|Win32
		{1A257796-35CC-44E4-8C67-EAD9DD52FFFB}.Debug|Win32.Build.0 = Debug|Win32
		{1A257796-35CC-44E4-8C67-EAD9DD52FFFB}.Release|Win32.ActiveCfg = Release|Win32
		{1A257796-35CC-44E4-8C67-EAD9DD52FFFB}.Release|Win32.Build.0 = Release|Win32
	EndGlobalSection
	GlobalSection(SolutionProperties) = preSolution
		HideSolutionNode = FALSE
	EndGlobalSection
EndGlobal
