Microsoft Visual Studio Solution File, Format Version 9.00
# Visual Studio 2005
Project("{8BC9CEB8-8B4A-11D0-8D11-00A0C91BC942}") = "0518 ident", "0518 ident.vcproj", "{21E20D0C-1CDE-425C-86D4-7A0B06FAD754}"
EndProject
Global
	GlobalSection(SolutionConfigurationPlatforms) = preSolution
		Debug|Win32 = Debug|Win32
		Release|Win32 = Release|Win32
	EndGlobalSection
	GlobalSection(ProjectConfigurationPlatforms) = postSolution
		{21E20D0C-1CDE-425C-86D4-7A0B06FAD754}.Debug|Win32.ActiveCfg = Debug|Win32
		{21E20D0C-1CDE-425C-86D4-7A0B06FAD754}.Debug|Win32.Build.0 = Debug|Win32
		{21E20D0C-1CDE-425C-86D4-7A0B06FAD754}.Release|Win32.ActiveCfg = Release|Win32
		{21E20D0C-1CDE-425C-86D4-7A0B06FAD754}.Release|Win32.Build.0 = Release|Win32
	EndGlobalSection
	GlobalSection(SolutionProperties) = preSolution
		HideSolutionNode = FALSE
	EndGlobalSection
EndGlobal
